Microsoft Visual Studio Solution File, Format Version 12.00
# Visual Studio Version 18
VisualStudioVersion = 18.0.12023.21
MinimumVisualStudioVersion = 10.0.40219.1
Project("{FAE04EC0-301F-11D3-BF4B-00C04F79EFBC}") = "NovaCore.Core", "src\NovaCore.Core\NovaCore.Core.csproj", "{B1C86B85-5566-4F68-9590-DBE6EAFE6F12}"
EndProject
Project("{FAE04EC0-301F-11D3-BF4B-00C04F79EFBC}") = "NovaCore.Interop", "src\NovaCore.Interop\NovaCore.Interop.csproj", "{B9D9462D-DF63-46B8-964B-6E8020D5A8C5}"
EndProject
Project("{FAE04EC0-301F-11D3-BF4B-00C04F79EFBC}") = "NovaCore.Graphics", "src\NovaCore.Graphics\NovaCore.Graphics.csproj", "{D6B8EC8B-A8D7-46B6-A890-C2A7B9EF8D86}"
EndProject
Project("{FAE04EC0-301F-11D3-BF4B-00C04F79EFBC}") = "NovaCore.Simulation", "src\NovaCore.Simulation\NovaCore.Simulation.csproj", "{BF3DE076-FFE1-4557-A759-5FA68D7E877A}"
EndProject
Project("{FAE04EC0-301F-11D3-BF4B-00C04F79EFBC}") = "NovaCore.Platform", "src\NovaCore.Platform\NovaCore.Platform.csproj", "{F0846DEB-55A1-4AF4-A70B-C214387F0E3C}"
EndProject
Project("{FAE04EC0-301F-11D3-BF4B-00C04F79EFBC}") = "NovaCore.Triangle", "samples\NovaCore.Triangle\NovaCore.Triangle.csproj", "{09EA9F68-B175-4B6F-B077-E2E1AACA9351}"
EndProject
Project("{FAE04EC0-301F-11D3-BF4B-00C04F79EFBC}") = "NovaCore.Precision.Tests", "tests\NovaCore.Precision.Tests\NovaCore.Precision.Tests.csproj", "{C493C467-8B3E-4E07-A132-64190F3A9D4B}"
EndProject
Project("{FAE04EC0-301F-11D3-BF4B-00C04F79EFBC}") = "NovaCore.Graphics.Tests", "tests\NovaCore.Graphics.Tests\NovaCore.Graphics.Tests.csproj", "{A1C28E28-EC59-47FB-9006-A1F943782D2C}"
EndProject
Project("{FAE04EC0-301F-11D3-BF4B-00C04F79EFBC}") = "NovaCore.ReferenceFrames.Tests", "tests\NovaCore.ReferenceFrames.Tests\NovaCore.ReferenceFrames.Tests.csproj", "{9CF1E7FE-1B4D-4E33-8A04-80895D683E64}"
EndProject
Project("{FAE04EC0-301F-11D3-BF4B-00C04F79EFBC}") = "NovaCore.Camera.Tests", "tests\NovaCore.Camera.Tests\NovaCore.Camera.Tests.csproj", "{431C07C3-7F14-4B26-A357-F8BF7F7B5E80}"
EndProject
Project("{FAE04EC0-301F-11D3-BF4B-00C04F79EFBC}") = "NovaCore.Simulation.Tests", "tests\NovaCore.Simulation.Tests\NovaCore.Simulation.Tests.csproj", "{D8E5B543-265B-4C19-BD7B-3F0DBD6BFC1D}"
EndProject
Global
	GlobalSection(SolutionConfigurationPlatforms) = preSolution
		Debug|Any CPU = Debug|Any CPU
		Release|Any CPU = Release|Any CPU
	EndGlobalSection
	GlobalSection(ProjectConfigurationPlatforms) = postSolution
		{B1C86B85-5566-4F68-9590-DBE6EAFE6F12}.Debug|Any CPU.ActiveCfg = Debug|Any CPU
		{B1C86B85-5566-4F68-9590-DBE6EAFE6F12}.Debug|Any CPU.Build.0 = Debug|Any CPU
		{B9D9462D-DF63-46B8-964B-6E8020D5A8C5}.Debug|Any CPU.ActiveCfg = Debug|Any CPU
		{B9D9462D-DF63-46B8-964B-6E8020D5A8C5}.Debug|Any CPU.Build.0 = Debug|Any CPU
		{D6B8EC8B-A8D7-46B6-A890-C2A7B9EF8D86}.Debug|Any CPU.ActiveCfg = Debug|Any CPU
		{D6B8EC8B-A8D7-46B6-A890-C2A7B9EF8D86}.Debug|Any CPU.Build.0 = Debug|Any CPU
		{BF3DE076-FFE1-4557-A759-5FA68D7E877A}.Debug|Any CPU.ActiveCfg = Debug|Any CPU
		{BF3DE076-FFE1-4557-A759-5FA68D7E877A}.Debug|Any CPU.Build.0 = Debug|Any CPU
		{F0846DEB-55A1-4AF4-A70B-C214387F0E3C}.Debug|Any CPU.ActiveCfg = Debug|Any CPU
		{F0846DEB-55A1-4AF4-A70B-C214387F0E3C}.Debug|Any CPU.Build.0 = Debug|Any CPU
		{09EA9F68-B175-4B6F-B077-E2E1AACA9351}.Debug|Any CPU.ActiveCfg = Debug|Any CPU
		{09EA9F68-B175-4B6F-B077-E2E1AACA9351}.Debug|Any CPU.Build.0 = Debug|Any CPU
		{C493C467-8B3E-4E07-A132-64190F3A9D4B}.Debug|Any CPU.ActiveCfg = Debug|Any CPU
		{C493C467-8B3E-4E07-A132-64190F3A9D4B}.Debug|Any CPU.Build.0 = Debug|Any CPU
		{A1C28E28-EC59-47FB-9006-A1F943782D2C}.Debug|Any CPU.ActiveCfg = Debug|Any CPU
		{A1C28E28-EC59-47FB-9006-A1F943782D2C}.Debug|Any CPU.Build.0 = Debug|Any CPU
		{9CF1E7FE-1B4D-4E33-8A04-80895D683E64}.Debug|Any CPU.ActiveCfg = Debug|Any CPU
		{9CF1E7FE-1B4D-4E33-8A04-80895D683E64}.Debug|Any CPU.Build.0 = Debug|Any CPU
		{431C07C3-7F14-4B26-A357-F8BF7F7B5E80}.Debug|Any CPU.ActiveCfg = Debug|Any CPU
		{431C07C3-7F14-4B26-A357-F8BF7F7B5E80}.Debug|Any CPU.Build.0 = Debug|Any CPU
		{D8E5B543-265B-4C19-BD7B-3F0DBD6BFC1D}.Debug|Any CPU.ActiveCfg = Debug|Any CPU
		{D8E5B543-265B-4C19-BD7B-3F0DBD6BFC1D}.Debug|Any CPU.Build.0 = Debug|Any CPU
	EndGlobalSection
EndGlobal
